
Microsoft Visual Studio Solution File, Format Version 12.00
# Visual Studio Version 16
VisualStudioVersion = 16.0.30114.105
MinimumVisualStudioVersion = 10.0.40219.1
Project("{FAE04EC0-301F-11D3-BF4B-00C04F79EFBC}") = "MyDraft-Angular", "MyDraft-Angular\MyDraft-Angular.csproj", "{518A1AA3-091E-46C7-A5FB-717B18D16439}"
EndProject
Global
	GlobalSection(SolutionConfigurationPlatforms) = preSolution
		Debug|Any CPU = Debug|Any CPU
		Release|Any CPU = Release|Any CPU
	EndGlobalSection
	GlobalSection(ProjectConfigurationPlatforms) = postSolution
		{518A1AA3-091E-46C7-A5FB-717B18D16439}.Debug|Any CPU.ActiveCfg = Debug|Any CPU
		{518A1AA3-091E-46C7-A5FB-717B18D16439}.Debug|Any CPU.Build.0 = Debug|Any CPU
		{518A1AA3-091E-46C7-A5FB-717B18D16439}.Release|Any CPU.ActiveCfg = Release|Any CPU
		{518A1AA3-091E-46C7-A5FB-717B18D16439}.Release|Any CPU.Build.0 = Release|Any CPU
	EndGlobalSection
	GlobalSection(SolutionProperties) = preSolution
		HideSolutionNode = FALSE
	EndGlobalSection
	GlobalSection(ExtensibilityGlobals) = postSolution
		SolutionGuid = {2308043E-5665-4665-8D2A-1A3DA1DCBEC7}
	EndGlobalSection
EndGlobal
